// !$*UTF8*$!
{
	archiveVersion = 1;
	classes = {
	};
	objectVersion = 46;
	objects = {

/* Begin PBXBuildFile section */
		76544DAE1E9E12D3001B1CD0 /* AppDelegate.swift in Sources */ = {isa = PBXBuildFile; fileRef = 76544DAD1E9E12D3001B1CD0 /* AppDelegate.swift */; };
		76544DB01E9E12D3001B1CD0 /* ViewController.swift in Sources */ = {isa = PBXBuildFile; fileRef = 76544DAF1E9E12D3001B1CD0 /* ViewController.swift */; };
		76544DB31E9E12D3001B1CD0 /* Main.storyboard in Resources */ = {isa = PBXBuildFile; fileRef = 76544DB11E9E12D3001B1CD0 /* Main.storyboard */; };
		76544DB51E9E12D3001B1CD0 /* Assets.xcassets in Resources */ = {isa = PBXBuildFile; fileRef = 76544DB41E9E12D3001B1CD0 /* Assets.xcassets */; };
		76544DB81E9E12D3001B1CD0 /* LaunchScreen.storyboard in Resources */ = {isa = PBXBuildFile; fileRef = 76544DB61E9E12D3001B1CD0 /* LaunchScreen.storyboard */; };
		76544DC31E9E12D4001B1CD0 /* Animations_Kiet_13110085Tests.swift in Sources */ = {isa = PBXBuildFile; fileRef = 76544DC21E9E12D4001B1CD0 /* Animations_Kiet_13110085Tests.swift */; };
		76544DCE1E9E12D4001B1CD0 /* Animations_Kiet_13110085UITests.swift in Sources */ = {isa = PBXBuildFile; fileRef = 76544DCD1E9E12D4001B1CD0 /* Animations_Kiet_13110085UITests.swift */; };
		76544DDC1E9E23BA001B1CD0 /* ButtonViewController.swift in Sources */ = {isa = PBXBuildFile; fileRef = 76544DDB1E9E23BA001B1CD0 /* ButtonViewController.swift */; };
/* End PBXBuildFile section */

/* Begin PBXContainerItemProxy section */
		76544DBF1E9E12D3001B1CD0 /* PBXContainerItemProxy */ = {
			isa = PBXContainerItemProxy;
			containerPortal = 76544DA21E9E12D3001B1CD0 /* Project object */;
			proxyType = 1;
			remoteGlobalIDString = 76544DA91E9E12D3001B1CD0;
			remoteInfo = Animations_Kiet_13110085;
		};
		76544DCA1E9E12D4001B1CD0 /* PBXContainerItemProxy */ = {
			isa = PBXContainerItemProxy;
			containerPortal = 76544DA21E9E12D3001B1CD0 /* Project object */;
			proxyType = 1;
			remoteGlobalIDString = 76544DA91E9E12D3001B1CD0;
			remoteInfo = Animations_Kiet_13110085;
		};
/* End PBXContainerItemProxy section */

/* Begin PBXFileReference section */
		76544DAA1E9E12D3001B1CD0 /* Animations_Kiet_13110085.app */ = {isa = PBXFileReference; explicitFileType = wrapper.application; includeInIndex = 0; path = Animations_Kiet_13110085.app; sourceTree = BUILT_PRODUCTS_DIR; };
		76544DAD1E9E12D3001B1CD0 /* AppDelegate.swift */ = {isa = PBXFileReference; lastKnownFileType = sourcecode.swift; path = AppDelegate.swift; sourceTree = "<group>"; };
		76544DAF1E9E12D3001B1CD0 /* ViewController.swift */ = {isa = PBXFileReference; lastKnownFileType = sourcecode.swift; path = ViewController.swift; sourceTree = "<group>"; };
		76544DB21E9E12D3001B1CD0 /* Base */ = {isa = PBXFileReference; lastKnownFileType = file.storyboard; name = Base; path = Base.lproj/Main.storyboard; sourceTree = "<group>"; };
		76544DB41E9E12D3001B1CD0 /* Assets.xcassets */ = {isa = PBXFileReference; lastKnownFileType = folder.assetcatalog; path = Assets.xcassets; sourceTree = "<group>"; };
		76544DB71E9E12D3001B1CD0 /* Base */ = {isa = PBXFileReference; lastKnownFileType = file.storyboard; name = Base; path = Base.lproj/LaunchScreen.storyboard; sourceTree = "<group>"; };
		76544DB91E9E12D3001B1CD0 /* Info.plist */ = {isa = PBXFileReference; lastKnownFileType = text.plist.xml; path = Info.plist; sourceTree = "<group>"; };
		76544DBE1E9E12D3001B1CD0 /* Animations_Kiet_13110085Tests.xctest */ = {isa = PBXFileReference; explicitFileType = wrapper.cfbundle; includeInIndex = 0; path = Animations_Kiet_13110085Tests.xctest; sourceTree = BUILT_PRODUCTS_DIR; };
		76544DC21E9E12D4001B1CD0 /* Animations_Kiet_13110085Tests.swift */ = {isa = PBXFileReference; lastKnownFileType = sourcecode.swift; path = Animations_Kiet_13110085Tests.swift; sourceTree = "<group>"; };
		76544DC41E9E12D4001B1CD0 /* Info.plist */ = {isa = PBXFileReference; lastKnownFileType = text.plist.xml; path = Info.plist; sourceTree = "<group>"; };
		76544DC91E9E12D4001B1CD0 /* Animations_Kiet_13110085UITests.xctest */ = {isa = PBXFileReference; explicitFileType = wrapper.cfbundle; includeInIndex = 0; path = Animations_Kiet_13110085UITests.xctest; sourceTree = BUILT_PRODUCTS_DIR; };
		76544DCD1E9E12D4001B1CD0 /* Animations_Kiet_13110085UITests.swift */ = {isa = PBXFileReference; lastKnownFileType = sourcecode.swift; path = Animations_Kiet_13110085UITests.swift; sourceTree = "<group>"; };
		76544DCF1E9E12D4001B1CD0 /* Info.plist */ = {isa = PBXFileReference; lastKnownFileType = text.plist.xml; path = Info.plist; sourceTree = "<group>"; };
		76544DDB1E9E23BA001B1CD0 /* ButtonViewController.swift */ = {isa = PBXFileReference; fileEncoding = 4; lastKnownFileType = sourcecode.swift; path = ButtonViewController.swift; sourceTree = "<group>"; };
/* End PBXFileReference section */

/* Begin PBXFrameworksBuildPhase section */
		76544DA71E9E12D3001B1CD0 /* Frameworks */ = {
			isa = PBXFrameworksBuildPhase;
			buildActionMask = 2147483647;
			files = (
			);
			runOnlyForDeploymentPostprocessing = 0;
		};
		76544DBB1E9E12D3001B1CD0 /* Frameworks */ = {
			isa = PBXFrameworksBuildPhase;
			buildActionMask = 2147483647;
			files = (
			);
			runOnlyForDeploymentPostprocessing = 0;
		};
		76544DC61E9E12D4001B1CD0 /* Frameworks */ = {
			isa = PBXFrameworksBuildPhase;
			buildActionMask = 2147483647;
			files = (
			);
			runOnlyForDeploymentPostprocessing = 0;
		};
/* End PBXFrameworksBuildPhase section */

/* Begin PBXGroup section */
		76544DA11E9E12D3001B1CD0 = {
			isa = PBXGroup;
			children = (
				76544DAC1E9E12D3001B1CD0 /* Animations_Kiet_13110085 */,
				76544DC11E9E12D4001B1CD0 /* Animations_Kiet_13110085Tests */,
				76544DCC1E9E12D4001B1CD0 /* Animations_Kiet_13110085UITests */,
				76544DAB1E9E12D3001B1CD0 /* Products */,
			);
			sourceTree = "<group>";
		};
		76544DAB1E9E12D3001B1CD0 /* Products */ = {
			isa = PBXGroup;
			children = (
				76544DAA1E9E12D3001B1CD0 /* Animations_Kiet_13110085.app */,
				76544DBE1E9E12D3001B1CD0 /* Animations_Kiet_13110085Tests.xctest */,
				76544DC91E9E12D4001B1CD0 /* Animations_Kiet_13110085UITests.xctest */,
			);
			name = Products;
			sourceTree = "<group>";
		};
		76544DAC1E9E12D3001B1CD0 /* Animations_Kiet_13110085 */ = {
			isa = PBXGroup;
			children = (
				76544DAD1E9E12D3001B1CD0 /* AppDelegate.swift */,
				76544DAF1E9E12D3001B1CD0 /* ViewController.swift */,
				76544DB11E9E12D3001B1CD0 /* Main.storyboard */,
				76544DB41E9E12D3001B1CD0 /* Assets.xcassets */,
				76544DB61E9E12D3001B1CD0 /* LaunchScreen.storyboard */,
				76544DB91E9E12D3001B1CD0 /* Info.plist */,
				76544DDB1E9E23BA001B1CD0 /* ButtonViewController.swift */,
			);
			path = Animations_Kiet_13110085;
			sourceTree = "<group>";
		};
		76544DC11E9E12D4001B1CD0 /* Animations_Kiet_13110085Tests */ = {
			isa = PBXGroup;
			children = (
				76544DC21E9E12D4001B1CD0 /* Animations_Kiet_13110085Tests.swift */,
				76544DC41E9E12D4001B1CD0 /* Info.plist */,
			);
			path = Animations_Kiet_13110085Tests;
			sourceTree = "<group>";
		};
		76544DCC1E9E12D4001B1CD0 /* Animations_Kiet_13110085UITests */ = {
			isa = PBXGroup;
			children = (
				76544DCD1E9E12D4001B1CD0 /* Animations_Kiet_13110085UITests.swift */,
				76544DCF1E9E12D4001B1CD0 /* Info.plist */,
			);
			path = Animations_Kiet_13110085UITests;
			sourceTree = "<group>";
		};
/* End PBXGroup section */

/* Begin PBXNativeTarget section */
		76544DA91E9E12D3001B1CD0 /* Animations_Kiet_13110085 */ = {
			isa = PBXNativeTarget;
			buildConfigurationList = 76544DD21E9E12D4001B1CD0 /* Build configuration list for PBXNativeTarget "Animations_Kiet_13110085" */;
			buildPhases = (
				76544DA61E9E12D3001B1CD0 /* Sources */,
				76544DA71E9E12D3001B1CD0 /* Frameworks */,
				76544DA81E9E12D3001B1CD0 /* Resources */,
			);
			buildRules = (
			);
			dependencies = (
			);
			name = Animations_Kiet_13110085;
			productName = Animations_Kiet_13110085;
			productReference = 76544DAA1E9E12D3001B1CD0 /* Animations_Kiet_13110085.app */;
			productType = "com.apple.product-type.application";
		};
		76544DBD1E9E12D3001B1CD0 /* Animations_Kiet_13110085Tests */ = {
			isa = PBXNativeTarget;
			buildConfigurationList = 76544DD51E9E12D4001B1CD0 /* Build configuration list for PBXNativeTarget "Animations_Kiet_13110085Tests" */;
			buildPhases = (
				76544DBA1E9E12D3001B1CD0 /* Sources */,
				76544DBB1E9E12D3001B1CD0 /* Frameworks */,
				76544DBC1E9E12D3001B1CD0 /* Resources */,
			);
			buildRules = (
			);
			dependencies = (
				76544DC01E9E12D3001B1CD0 /* PBXTargetDependency */,
			);
			name = Animations_Kiet_13110085Tests;
			productName = Animations_Kiet_13110085Tests;
			productReference = 76544DBE1E9E12D3001B1CD0 /* Animations_Kiet_13110085Tests.xctest */;
			productType = "com.apple.product-type.bundle.unit-test";
		};
		76544DC81E9E12D4001B1CD0 /* Animations_Kiet_13110085UITests */ = {
			isa = PBXNativeTarget;
			buildConfigurationList = 76544DD81E9E12D4001B1CD0 /* Build configuration list for PBXNativeTarget "Animations_Kiet_13110085UITests" */;
			buildPhases = (
				76544DC51E9E12D4001B1CD0 /* Sources */,
				76544DC61E9E12D4001B1CD0 /* Frameworks */,
				76544DC71E9E12D4001B1CD0 /* Resources */,
			);
			buildRules = (
			);
			dependencies = (
				76544DCB1E9E12D4001B1CD0 /* PBXTargetDependency */,
			);
			name = Animations_Kiet_13110085UITests;
			productName = Animations_Kiet_13110085UITests;
			productReference = 76544DC91E9E12D4001B1CD0 /* Animations_Kiet_13110085UITests.xctest */;
			productType = "com.apple.product-type.bundle.ui-testing";
		};
/* End PBXNativeTarget section */

/* Begin PBXProject section */
		76544DA21E9E12D3001B1CD0 /* Project object */ = {
			isa = PBXProject;
			attributes = {
				LastSwiftUpdateCheck = 0830;
				LastUpgradeCheck = 0830;
				ORGANIZATIONNAME = Group9_UTE;
				TargetAttributes = {
					76544DA91E9E12D3001B1CD0 = {
						CreatedOnToolsVersion = 8.3;
						DevelopmentTeam = 7G68M2SXP9;
						ProvisioningStyle = Automatic;
					};
					76544DBD1E9E12D3001B1CD0 = {
						CreatedOnToolsVersion = 8.3;
						DevelopmentTeam = 7G68M2SXP9;
						ProvisioningStyle = Automatic;
						TestTargetID = 76544DA91E9E12D3001B1CD0;
					};
					76544DC81E9E12D4001B1CD0 = {
						CreatedOnToolsVersion = 8.3;
						DevelopmentTeam = 7G68M2SXP9;
						ProvisioningStyle = Automatic;
						TestTargetID = 76544DA91E9E12D3001B1CD0;
					};
				};
			};
			buildConfigurationList = 76544DA51E9E12D3001B1CD0 /* Build configuration list for PBXProject "Animations_Kiet_13110085" */;
			compatibilityVersion = "Xcode 3.2";
			developmentRegion = English;
			hasScannedForEncodings = 0;
			knownRegions = (
				en,
				Base,
			);
			mainGroup = 76544DA11E9E12D3001B1CD0;
			productRefGroup = 76544DAB1E9E12D3001B1CD0 /* Products */;
			projectDirPath = "";
			projectRoot = "";
			targets = (
				76544DA91E9E12D3001B1CD0 /* Animations_Kiet_13110085 */,
				76544DBD1E9E12D3001B1CD0 /* Animations_Kiet_13110085Tests */,
				76544DC81E9E12D4001B1CD0 /* Animations_Kiet_13110085UITests */,
			);
		};
/* End PBXProject section */

/* Begin PBXResourcesBuildPhase section */
		76544DA81E9E12D3001B1CD0 /* Resources */ = {
			isa = PBXResourcesBuildPhase;
			buildActionMask = 2147483647;
			files = (
				76544DB81E9E12D3001B1CD0 /* LaunchScreen.storyboard in Resources */,
				76544DB51E9E12D3001B1CD0 /* Assets.xcassets in Resources */,
				76544DB31E9E12D3001B1CD0 /* Main.storyboard in Resources */,
			);
			runOnlyForDeploymentPostprocessing = 0;
		};
		76544DBC1E9E12D3001B1CD0 /* Resources */ = {
			isa = PBXResourcesBuildPhase;
			buildActionMask = 2147483647;
			files = (
			);
			runOnlyForDeploymentPostprocessing = 0;
		};
		76544DC71E9E12D4001B1CD0 /* Resources */ = {
			isa = PBXResourcesBuildPhase;
			buildActionMask = 2147483647;
			files = (
			);
			runOnlyForDeploymentPostprocessing = 0;
		};
/* End PBXResourcesBuildPhase section */

/* Begin PBXSourcesBuildPhase section */
		76544DA61E9E12D3001B1CD0 /* Sources */ = {
			isa = PBXSourcesBuildPhase;
			buildActionMask = 2147483647;
			files = (
				76544DB01E9E12D3001B1CD0 /* ViewController.swift in Sources */,
				76544DDC1E9E23BA001B1CD0 /* ButtonViewController.swift in Sources */,
				76544DAE1E9E12D3001B1CD0 /* AppDelegate.swift in Sources */,
			);
			runOnlyForDeploymentPostprocessing = 0;
		};
		76544DBA1E9E12D3001B1CD0 /* Sources */ = {
			isa = PBXSourcesBuildPhase;
			buildActionMask = 2147483647;
			files = (
				76544DC31E9E12D4001B1CD0 /* Animations_Kiet_13110085Tests.swift in Sources */,
			);
			runOnlyForDeploymentPostprocessing = 0;
		};
		76544DC51E9E12D4001B1CD0 /* Sources */ = {
			isa = PBXSourcesBuildPhase;
			buildActionMask = 2147483647;
			files = (
				76544DCE1E9E12D4001B1CD0 /* Animations_Kiet_13110085UITests.swift in Sources */,
			);
			runOnlyForDeploymentPostprocessing = 0;
		};
/* End PBXSourcesBuildPhase section */

/* Begin PBXTargetDependency section */
		76544DC01E9E12D3001B1CD0 /* PBXTargetDependency */ = {
			isa = PBXTargetDependency;
			target = 76544DA91E9E12D3001B1CD0 /* Animations_Kiet_13110085 */;
			targetProxy = 76544DBF1E9E12D3001B1CD0 /* PBXContainerItemProxy */;
		};
		76544DCB1E9E12D4001B1CD0 /* PBXTargetDependency */ = {
			isa = PBXTargetDependency;
			target = 76544DA91E9E12D3001B1CD0 /* Animations_Kiet_13110085 */;
			targetProxy = 76544DCA1E9E12D4001B1CD0 /* PBXContainerItemProxy */;
		};
/* End PBXTargetDependency section */

/* Begin PBXVariantGroup section */
		76544DB11E9E12D3001B1CD0 /* Main.storyboard */ = {
			isa = PBXVariantGroup;
			children = (
				76544DB21E9E12D3001B1CD0 /* Base */,
			);
			name = Main.storyboard;
			sourceTree = "<group>";
		};
		76544DB61E9E12D3001B1CD0 /* LaunchScreen.storyboard */ = {
			isa = PBXVariantGroup;
			children = (
				76544DB71E9E12D3001B1CD0 /* Base */,
			);
			name = LaunchScreen.storyboard;
			sourceTree = "<group>";
		};
/* End PBXVariantGroup section */

/* Begin XCBuildConfiguration section */
		76544DD01E9E12D4001B1CD0 /* Debug */ = {
			isa = XCBuildConfiguration;
			buildSettings = {
				ALWAYS_SEARCH_USER_PATHS = NO;
				CLANG_ANALYZER_NONNULL = YES;
				CLANG_ANALYZER_NUMBER_OBJECT_CONVERSION = YES_AGGRESSIVE;
				CLANG_CXX_LANGUAGE_STANDARD = "gnu++0x";
				CLANG_CXX_LIBRARY = "libc++";
				CLANG_ENABLE_MODULES = YES;
				CLANG_ENABLE_OBJC_ARC = YES;
				CLANG_WARN_BOOL_CONVERSION = YES;
				CLANG_WARN_CONSTANT_CONVERSION = YES;
				CLANG_WARN_DIRECT_OBJC_ISA_USAGE = YES_ERROR;
				CLANG_WARN_DOCUMENTATION_COMMENTS = YES;
				CLANG_WARN_EMPTY_BODY = YES;
				CLANG_WARN_ENUM_CONVERSION = YES;
				CLANG_WARN_INFINITE_RECURSION = YES;
				CLANG_WARN_INT_CONVERSION = YES;
				CLANG_WARN_OBJC_ROOT_CLASS = YES_ERROR;
				CLANG_WARN_SUSPICIOUS_MOVE = YES;
				CLANG_WARN_UNREACHABLE_CODE = YES;
				CLANG_WARN__DUPLICATE_METHOD_MATCH = YES;
				"CODE_SIGN_IDENTITY[sdk=iphoneos*]" = "iPhone Developer";
				COPY_PHASE_STRIP = NO;
				DEBUG_INFORMATION_FORMAT = dwarf;
				ENABLE_STRICT_OBJC_MSGSEND = YES;
				ENABLE_TESTABILITY = YES;
				GCC_C_LANGUAGE_STANDARD = gnu99;
				GCC_DYNAMIC_NO_PIC = NO;
				GCC_NO_COMMON_BLOCKS = YES;
				GCC_OPTIMIZATION_LEVEL = 0;
				GCC_PREPROCESSOR_DEFINITIONS = (
					"DEBUG=1",
					"$(inherited)",
				);
				GCC_WARN_64_TO_32_BIT_CONVERSION = YES;
				GCC_WARN_ABOUT_RETURN_TYPE = YES_ERROR;
				GCC_WARN_UNDECLARED_SELECTOR = YES;
				GCC_WARN_UNINITIALIZED_AUTOS = YES_AGGRESSIVE;
				GCC_WARN_UNUSED_FUNCTION = YES;
				GCC_WARN_UNUSED_VARIABLE = YES;
				IPHONEOS_DEPLOYMENT_TARGET = 10.3;
				MTL_ENABLE_DEBUG_INFO = YES;
				ONLY_ACTIVE_ARCH = YES;
				SDKROOT = iphoneos;
				SWIFT_ACTIVE_COMPILATION_CONDITIONS = DEBUG;
				SWIFT_OPTIMIZATION_LEVEL = "-Onone";
			};
			name = Debug;
		};
		76544DD11E9E12D4001B1CD0 /* Release */ = {
			isa = XCBuildConfiguration;
			buildSettings = {
				ALWAYS_SEARCH_USER_PATHS = NO;
				CLANG_ANALYZER_NONNULL = YES;
				CLANG_ANALYZER_NUMBER_OBJECT_CONVERSION = YES_AGGRESSIVE;
				CLANG_CXX_LANGUAGE_STANDARD = "gnu++0x";
				CLANG_CXX_LIBRARY = "libc++";
				CLANG_ENABLE_MODULES = YES;
				CLANG_ENABLE_OBJC_ARC = YES;
				CLANG_WARN_BOOL_CONVERSION = YES;
				CLANG_WARN_CONSTANT_CONVERSION = YES;
				CLANG_WARN_DIRECT_OBJC_ISA_USAGE = YES_ERROR;
				CLANG_WARN_DOCUMENTATION_COMMENTS = YES;
				CLANG_WARN_EMPTY_BODY = YES;
				CLANG_WARN_ENUM_CONVERSION = YES;
				CLANG_WARN_INFINITE_RECURSION = YES;
				CLANG_WARN_INT_CONVERSION = YES;
				CLANG_WARN_OBJC_ROOT_CLASS = YES_ERROR;
				CLANG_WARN_SUSPICIOUS_MOVE = YES;
				CLANG_WARN_UNREACHABLE_CODE = YES;
				CLANG_WARN__DUPLICATE_METHOD_MATCH = YES;
				"CODE_SIGN_IDENTITY[sdk=iphoneos*]" = "iPhone Developer";
				COPY_PHASE_STRIP = NO;
				DEBUG_INFORMATION_FORMAT = "dwarf-with-dsym";
				ENABLE_NS_ASSERTIONS = NO;
				ENABLE_STRICT_OBJC_MSGSEND = YES;
				GCC_C_LANGUAGE_STANDARD = gnu99;
				GCC_NO_COMMON_BLOCKS = YES;
				GCC_WARN_64_TO_32_BIT_CONVERSION = YES;
				GCC_WARN_ABOUT_RETURN_TYPE = YES_ERROR;
				GCC_WARN_UNDECLARED_SELECTOR = YES;
				GCC_WARN_UNINITIALIZED_AUTOS = YES_AGGRESSIVE;
				GCC_WARN_UNUSED_FUNCTION = YES;
				GCC_WARN_UNUSED_VARIABLE = YES;
				IPHONEOS_DEPLOYMENT_TARGET = 10.3;
				MTL_ENABLE_DEBUG_INFO = NO;
				SDKROOT = iphoneos;
				SWIFT_OPTIMIZATION_LEVEL = "-Owholemodule";
				VALIDATE_PRODUCT = YES;
			};
			name = Release;
		};
		76544DD31E9E12D4001B1CD0 /* Debug */ = {
			isa = XCBuildConfiguration;
			buildSettings = {
				ASSETCATALOG_COMPILER_APPICON_NAME = AppIcon;
				DEVELOPMENT_TEAM = 7G68M2SXP9;
				INFOPLIST_FILE = Animations_Kiet_13110085/Info.plist;
				LD_RUNPATH_SEARCH_PATHS = "$(inherited) @executable_path/Frameworks";
				PRODUCT_BUNDLE_IDENTIFIER = "com.group9-ute.Animations-Kiet-13110085";
				PRODUCT_NAME = "$(TARGET_NAME)";
				SWIFT_VERSION = 3.0;
			};
			name = Debug;
		};
		76544DD41E9E12D4001B1CD0 /* Release */ = {
			isa = XCBuildConfiguration;
			buildSettings = {
				ASSETCATALOG_COMPILER_APPICON_NAME = AppIcon;
				DEVELOPMENT_TEAM = 7G68M2SXP9;
				INFOPLIST_FILE = Animations_Kiet_13110085/Info.plist;
				LD_RUNPATH_SEARCH_PATHS = "$(inherited) @executable_path/Frameworks";
				PRODUCT_BUNDLE_IDENTIFIER = "com.group9-ute.Animations-Kiet-13110085";
				PRODUCT_NAME = "$(TARGET_NAME)";
				SWIFT_VERSION = 3.0;
			};
			name = Release;
		};
		76544DD61E9E12D4001B1CD0 /* Debug */ = {
			isa = XCBuildConfiguration;
			buildSettings = {
				ALWAYS_EMBED_SWIFT_STANDARD_LIBRARIES = YES;
				BUNDLE_LOADER = "$(TEST_HOST)";
				DEVELOPMENT_TEAM = 7G68M2SXP9;
				INFOPLIST_FILE = Animations_Kiet_13110085Tests/Info.plist;
				LD_RUNPATH_SEARCH_PATHS = "$(inherited) @executable_path/Frameworks @loader_path/Frameworks";
				PRODUCT_BUNDLE_IDENTIFIER = "com.group9-ute.Animations-Kiet-13110085Tests";
				PRODUCT_NAME = "$(TARGET_NAME)";
				SWIFT_VERSION = 3.0;
				TEST_HOST = "$(BUILT_PRODUCTS_DIR)/Animations_Kiet_13110085.app/Animations_Kiet_13110085";
			};
			name = Debug;
		};
		76544DD71E9E12D4001B1CD0 /* Release */ = {
			isa = XCBuildConfiguration;
			buildSettings = {
				ALWAYS_EMBED_SWIFT_STANDARD_LIBRARIES = YES;
				BUNDLE_LOADER = "$(TEST_HOST)";
				DEVELOPMENT_TEAM = 7G68M2SXP9;
				INFOPLIST_FILE = Animations_Kiet_13110085Tests/Info.plist;
				LD_RUNPATH_SEARCH_PATHS = "$(inherited) @executable_path/Frameworks @loader_path/Frameworks";
				PRODUCT_BUNDLE_IDENTIFIER = "com.group9-ute.Animations-Kiet-13110085Tests";
				PRODUCT_NAME = "$(TARGET_NAME)";
				SWIFT_VERSION = 3.0;
				TEST_HOST = "$(BUILT_PRODUCTS_DIR)/Animations_Kiet_13110085.app/Animations_Kiet_13110085";
			};
			name = Release;
		};
		76544DD91E9E12D4001B1CD0 /* Debug */ = {
			isa = XCBuildConfiguration;
			buildSettings = {
				ALWAYS_EMBED_SWIFT_STANDARD_LIBRARIES = YES;
				DEVELOPMENT_TEAM = 7G68M2SXP9;
				INFOPLIST_FILE = Animations_Kiet_13110085UITests/Info.plist;
				LD_RUNPATH_SEARCH_PATHS = "$(inherited) @executable_path/Frameworks @loader_path/Frameworks";
				PRODUCT_BUNDLE_IDENTIFIER = "com.group9-ute.Animations-Kiet-13110085UITests";
				PRODUCT_NAME = "$(TARGET_NAME)";
				SWIFT_VERSION = 3.0;
				TEST_TARGET_NAME = Animations_Kiet_13110085;
			};
			name = Debug;
		};
		76544DDA1E9E12D4001B1CD0 /* Release */ = {
			isa = XCBuildConfiguration;
			buildSettings = {
				ALWAYS_EMBED_SWIFT_STANDARD_LIBRARIES = YES;
				DEVELOPMENT_TEAM = 7G68M2SXP9;
				INFOPLIST_FILE = Animations_Kiet_13110085UITests/Info.plist;
				LD_RUNPATH_SEARCH_PATHS = "$(inherited) @executable_path/Frameworks @loader_path/Frameworks";
				PRODUCT_BUNDLE_IDENTIFIER = "com.group9-ute.Animations-Kiet-13110085UITests";
				PRODUCT_NAME = "$(TARGET_NAME)";
				SWIFT_VERSION = 3.0;
				TEST_TARGET_NAME = Animations_Kiet_13110085;
			};
			name = Release;
		};
/* End XCBuildConfiguration section */

/* Begin XCConfigurationList section */
		76544DA51E9E12D3001B1CD0 /* Build configuration list for PBXProject "Animations_Kiet_13110085" */ = {
			isa = XCConfigurationList;
			buildConfigurations = (
				76544DD01E9E12D4001B1CD0 /* Debug */,
				76544DD11E9E12D4001B1CD0 /* Release */,
			);
			defaultConfigurationIsVisible = 0;
			defaultConfigurationName = Release;
		};
		76544DD21E9E12D4001B1CD0 /* Build configuration list for PBXNativeTarget "Animations_Kiet_13110085" */ = {
			isa = XCConfigurationList;
			buildConfigurations = (
				76544DD31E9E12D4001B1CD0 /* Debug */,
				76544DD41E9E12D4001B1CD0 /* Release */,
			);
			defaultConfigurationIsVisible = 0;
			defaultConfigurationName = Release;
		};
		76544DD51E9E12D4001B1CD0 /* Build configuration list for PBXNativeTarget "Animations_Kiet_13110085Tests" */ = {
			isa = XCConfigurationList;
			buildConfigurations = (
				76544DD61E9E12D4001B1CD0 /* Debug */,
				76544DD71E9E12D4001B1CD0 /* Release */,
			);
			defaultConfigurationIsVisible = 0;
			defaultConfigurationName = Release;
		};
		76544DD81E9E12D4001B1CD0 /* Build configuration list for PBXNativeTarget "Animations_Kiet_13110085UITests" */ = {
			isa = XCConfigurationList;
			buildConfigurations = (
				76544DD91E9E12D4001B1CD0 /* Debug */,
				76544DDA1E9E12D4001B1CD0 /* Release */,
			);
			defaultConfigurationIsVisible = 0;
			defaultConfigurationName = Release;
		};
/* End XCConfigurationList section */
	};
	rootObject = 76544DA21E9E12D3001B1CD0 /* Project object */;
}
